Microsoft Visual Studio Solution File, Format Version 11.00
# Visual Studio 2008

Project("{8A4E3A9B-7FBD-DA94-8A78-BA665024E1B8}") = "Faux Gravity Example", "Assembly-CSharp-firstpass.csproj", "{65DE367B-4614-970D-B656-E8C18E294152}"
EndProject
Project("{8A4E3A9B-7FBD-DA94-8A78-BA665024E1B8}") = "Faux Gravity Example", "Assembly-CSharp.csproj", "{AAD6A186-246F-2F3E-FBDB-E91DB8CBA979}"
EndProject
Project("{8A4E3A9B-7FBD-DA94-8A78-BA665024E1B8}") = "Faux Gravity Example", "Assembly-CSharp-Editor.csproj", "{E5E70650-3953-2EFC-ED77-C147769F1911}"
EndProject
Project("{8A4E3A9B-7FBD-DA94-8A78-BA665024E1B8}") = "Faux Gravity Example", "Assembly-UnityScript-firstpass.unityproj", "{8CC417A0-0194-4BA4-50AE-446EFC39B67A}"
EndProject
Global
	GlobalSection(SolutionConfigurationPlatforms) = preSolution
		Debug|Any CPU = Debug|Any CPU
		Release|Any CPU = Release|Any CPU
	EndGlobalSection
	GlobalSection(ProjectConfigurationPlatforms) = postSolution
		{65DE367B-4614-970D-B656-E8C18E294152}.Debug|Any CPU.ActiveCfg = Debug|Any CPU
		{65DE367B-4614-970D-B656-E8C18E294152}.Debug|Any CPU.Build.0 = Debug|Any CPU
		{65DE367B-4614-970D-B656-E8C18E294152}.Release|Any CPU.ActiveCfg = Release|Any CPU
		{65DE367B-4614-970D-B656-E8C18E294152}.Release|Any CPU.Build.0 = Release|Any CPU
		{AAD6A186-246F-2F3E-FBDB-E91DB8CBA979}.Debug|Any CPU.ActiveCfg = Debug|Any CPU
		{AAD6A186-246F-2F3E-FBDB-E91DB8CBA979}.Debug|Any CPU.Build.0 = Debug|Any CPU
		{AAD6A186-246F-2F3E-FBDB-E91DB8CBA979}.Release|Any CPU.ActiveCfg = Release|Any CPU
		{AAD6A186-246F-2F3E-FBDB-E91DB8CBA979}.Release|Any CPU.Build.0 = Release|Any CPU
		{E5E70650-3953-2EFC-ED77-C147769F1911}.Debug|Any CPU.ActiveCfg = Debug|Any CPU
		{E5E70650-3953-2EFC-ED77-C147769F1911}.Debug|Any CPU.Build.0 = Debug|Any CPU
		{E5E70650-3953-2EFC-ED77-C147769F1911}.Release|Any CPU.ActiveCfg = Release|Any CPU
		{E5E70650-3953-2EFC-ED77-C147769F1911}.Release|Any CPU.Build.0 = Release|Any CPU
		{8CC417A0-0194-4BA4-50AE-446EFC39B67A}.Debug|Any CPU.ActiveCfg = Debug|Any CPU
		{8CC417A0-0194-4BA4-50AE-446EFC39B67A}.Debug|Any CPU.Build.0 = Debug|Any CPU
		{8CC417A0-0194-4BA4-50AE-446EFC39B67A}.Release|Any CPU.ActiveCfg = Release|Any CPU
		{8CC417A0-0194-4BA4-50AE-446EFC39B67A}.Release|Any CPU.Build.0 = Release|Any CPU
	EndGlobalSection
	GlobalSection(SolutionProperties) = preSolution
		HideSolutionNode = FALSE
	EndGlobalSection
																		GlobalSection(MonoDevelopProperties) = preSolution
		StartupItem = Assembly-CSharp.csproj
		Policies = $0
		$0.TextStylePolicy = $1
		$1.inheritsSet = null
		$1.scope = text/x-csharp
		$0.CSharpFormattingPolicy = $2
		$2.inheritsSet = Mono
		$2.inheritsScope = text/x-csharp
		$2.scope = text/x-csharp
		$0.TextStylePolicy = $3
		$3.FileWidth = 120
		$3.TabWidth = 4
		$3.EolMarker = Unix
		$3.inheritsSet = Mono
		$3.inheritsScope = text/plain
		$3.scope = text/plain
	EndGlobalSection

EndGlobal
